
Microsoft Visual Studio Solution File, Format Version 12.00
# Visual Studio Version 17
VisualStudioVersion = 17.9.34622.214
MinimumVisualStudioVersion = 10.0.40219.1
Project("{FAE04EC0-301F-11D3-BF4B-00C04F79EFBC}") = "AplicacionWeblvl3", "AplicacionWeblvl3\AplicacionWeblvl3.csproj", "{D6FBE7D6-9C5D-4A9A-AD20-946A2B55B237}"
EndProject
Project("{FAE04EC0-301F-11D3-BF4B-00C04F79EFBC}") = "dominio", "dominio\dominio.csproj", "{74446BD3-A4BC-4480-836B-664EB9AB3767}"
EndProject
Project("{FAE04EC0-301F-11D3-BF4B-00C04F79EFBC}") = "negocio", "negocio\negocio.csproj", "{DFC87C83-DFD3-4148-8C96-8055E51B8A91}"
EndProject
Global
	GlobalSection(SolutionConfigurationPlatforms) = preSolution
		Debug|Any CPU = Debug|Any CPU
		Release|Any CPU = Release|Any CPU
	EndGlobalSection
	GlobalSection(ProjectConfigurationPlatforms) = postSolution
		{D6FBE7D6-9C5D-4A9A-AD20-946A2B55B237}.Debug|Any CPU.ActiveCfg = Debug|Any CPU
		{D6FBE7D6-9C5D-4A9A-AD20-946A2B55B237}.Debug|Any CPU.Build.0 = Debug|Any CPU
		{D6FBE7D6-9C5D-4A9A-AD20-946A2B55B237}.Release|Any CPU.ActiveCfg = Release|Any CPU
		{D6FBE7D6-9C5D-4A9A-AD20-946A2B55B237}.Release|Any CPU.Build.0 = Release|Any CPU
		{74446BD3-A4BC-4480-836B-664EB9AB3767}.Debug|Any CPU.ActiveCfg = Debug|Any CPU
		{74446BD3-A4BC-4480-836B-664EB9AB3767}.Debug|Any CPU.Build.0 = Debug|Any CPU
		{74446BD3-A4BC-4480-836B-664EB9AB3767}.Release|Any CPU.ActiveCfg = Release|Any CPU
		{74446BD3-A4BC-4480-836B-664EB9AB3767}.Release|Any CPU.Build.0 = Release|Any CPU
		{DFC87C83-DFD3-4148-8C96-8055E51B8A91}.Debug|Any CPU.ActiveCfg = Debug|Any CPU
		{DFC87C83-DFD3-4148-8C96-8055E51B8A91}.Debug|Any CPU.Build.0 = Debug|Any CPU
		{DFC87C83-DFD3-4148-8C96-8055E51B8A91}.Release|Any CPU.ActiveCfg = Release|Any CPU
		{DFC87C83-DFD3-4148-8C96-8055E51B8A91}.Release|Any CPU.Build.0 = Release|Any CPU
	EndGlobalSection
	GlobalSection(SolutionProperties) = preSolution
		HideSolutionNode = FALSE
	EndGlobalSection
	GlobalSection(ExtensibilityGlobals) = postSolution
		SolutionGuid = {3EDDF10F-CC6B-4C11-B5E1-5A5A5E0784BA}
	EndGlobalSection
EndGlobal
